
Microsoft Visual Studio Solution File, Format Version 12.00
# Visual Studio Version 17
VisualStudioVersion = 17.3.32922.545
MinimumVisualStudioVersion = 10.0.40219.1
Project("{FAE04EC0-301F-11D3-BF4B-00C04F79EFBC}") = "ProiectPssc", "ProiectPssc\ProiectPssc.csproj", "{8B216FC1-08AF-45D9-9FD8-62EE0C6DD859}"
EndProject
Project("{FAE04EC0-301F-11D3-BF4B-00C04F79EFBC}") = "Domain", "Domain\Domain.csproj", "{A5A46109-931D-4BE7-A38A-BC14D300212B}"
EndProject
Global
	GlobalSection(SolutionConfigurationPlatforms) = preSolution
		Debug|Any CPU = Debug|Any CPU
		Release|Any CPU = Release|Any CPU
	EndGlobalSection
	GlobalSection(ProjectConfigurationPlatforms) = postSolution
		{8B216FC1-08AF-45D9-9FD8-62EE0C6DD859}.Debug|Any CPU.ActiveCfg = Debug|Any CPU
		{8B216FC1-08AF-45D9-9FD8-62EE0C6DD859}.Debug|Any CPU.Build.0 = Debug|Any CPU
		{8B216FC1-08AF-45D9-9FD8-62EE0C6DD859}.Release|Any CPU.ActiveCfg = Release|Any CPU
		{8B216FC1-08AF-45D9-9FD8-62EE0C6DD859}.Release|Any CPU.Build.0 = Release|Any CPU
		{A5A46109-931D-4BE7-A38A-BC14D300212B}.Debug|Any CPU.ActiveCfg = Debug|Any CPU
		{A5A46109-931D-4BE7-A38A-BC14D300212B}.Debug|Any CPU.Build.0 = Debug|Any CPU
		{A5A46109-931D-4BE7-A38A-BC14D300212B}.Release|Any CPU.ActiveCfg = Release|Any CPU
		{A5A46109-931D-4BE7-A38A-BC14D300212B}.Release|Any CPU.Build.0 = Release|Any CPU
	EndGlobalSection
	GlobalSection(SolutionProperties) = preSolution
		HideSolutionNode = FALSE
	EndGlobalSection
	GlobalSection(ExtensibilityGlobals) = postSolution
		SolutionGuid = {D70A2798-49F4-4202-9C91-35B36CA294EB}
	EndGlobalSection
EndGlobal
